
Microsoft Visual Studio Solution File, Format Version 12.00
# Visual Studio Version 16
VisualStudioVersion = 16.0.30114.105
MinimumVisualStudioVersion = 10.0.40219.1
Project("{FAE04EC0-301F-11D3-BF4B-00C04F79EFBC}") = "NzCovidPass.Core", "src\NzCovidPass.Core\NzCovidPass.Core.csproj", "{4E4565DC-3981-4229-8DC8-C4ADA91667E3}"
EndProject
Project("{FAE04EC0-301F-11D3-BF4B-00C04F79EFBC}") = "NzCovidPass.Console", "demos\NzCovidPass.Console\NzCovidPass.Console.csproj", "{A2449EDF-A3B8-41E6-9104-8D728C0CC4A7}"
EndProject
Project("{2150E333-8FDC-42A3-9474-1A3956D46DE8}") = "tests", "tests", "{996174DB-2096-4B8F-849D-AF28868C3055}"
EndProject
Project("{FAE04EC0-301F-11D3-BF4B-00C04F79EFBC}") = "NzCovidPass.Test.Integration", "tests\NzCovidPass.Test.Integration\NzCovidPass.Test.Integration.csproj", "{C0594645-4DDC-4B31-9709-068E07CF65FE}"
EndProject
Project("{FAE04EC0-301F-11D3-BF4B-00C04F79EFBC}") = "NzCovidPass.Test.Unit", "tests\NzCovidPass.Test.Unit\NzCovidPass.Test.Unit.csproj", "{C08AA3EA-2296-4876-81D7-6D22E49FCC4E}"
EndProject
Project("{2150E333-8FDC-42A3-9474-1A3956D46DE8}") = "demos", "demos", "{B22199B9-BA11-4C05-B0A5-7E22F68700DF}"
EndProject
Project("{FAE04EC0-301F-11D3-BF4B-00C04F79EFBC}") = "NzCovidPass.Function", "demos\NzCovidPass.Function\NzCovidPass.Function.csproj", "{E8FC681A-796C-43BC-858D-08AE03D23817}"
EndProject
Global
	GlobalSection(SolutionConfigurationPlatforms) = preSolution
		Debug|Any CPU = Debug|Any CPU
		Release|Any CPU = Release|Any CPU
	EndGlobalSection
	GlobalSection(SolutionProperties) = preSolution
		HideSolutionNode = FALSE
	EndGlobalSection
	GlobalSection(ProjectConfigurationPlatforms) = postSolution
		{4E4565DC-3981-4229-8DC8-C4ADA91667E3}.Debug|Any CPU.ActiveCfg = Debug|Any CPU
		{4E4565DC-3981-4229-8DC8-C4ADA91667E3}.Debug|Any CPU.Build.0 = Debug|Any CPU
		{4E4565DC-3981-4229-8DC8-C4ADA91667E3}.Release|Any CPU.ActiveCfg = Release|Any CPU
		{4E4565DC-3981-4229-8DC8-C4ADA91667E3}.Release|Any CPU.Build.0 = Release|Any CPU
		{A2449EDF-A3B8-41E6-9104-8D728C0CC4A7}.Debug|Any CPU.ActiveCfg = Debug|Any CPU
		{A2449EDF-A3B8-41E6-9104-8D728C0CC4A7}.Debug|Any CPU.Build.0 = Debug|Any CPU
		{A2449EDF-A3B8-41E6-9104-8D728C0CC4A7}.Release|Any CPU.ActiveCfg = Release|Any CPU
		{A2449EDF-A3B8-41E6-9104-8D728C0CC4A7}.Release|Any CPU.Build.0 = Release|Any CPU
		{C0594645-4DDC-4B31-9709-068E07CF65FE}.Debug|Any CPU.ActiveCfg = Debug|Any CPU
		{C0594645-4DDC-4B31-9709-068E07CF65FE}.Debug|Any CPU.Build.0 = Debug|Any CPU
		{C0594645-4DDC-4B31-9709-068E07CF65FE}.Release|Any CPU.ActiveCfg = Release|Any CPU
		{C0594645-4DDC-4B31-9709-068E07CF65FE}.Release|Any CPU.Build.0 = Release|Any CPU
		{C08AA3EA-2296-4876-81D7-6D22E49FCC4E}.Debug|Any CPU.ActiveCfg = Debug|Any CPU
		{C08AA3EA-2296-4876-81D7-6D22E49FCC4E}.Debug|Any CPU.Build.0 = Debug|Any CPU
		{C08AA3EA-2296-4876-81D7-6D22E49FCC4E}.Release|Any CPU.ActiveCfg = Release|Any CPU
		{C08AA3EA-2296-4876-81D7-6D22E49FCC4E}.Release|Any CPU.Build.0 = Release|Any CPU
		{E8FC681A-796C-43BC-858D-08AE03D23817}.Debug|Any CPU.ActiveCfg = Debug|Any CPU
		{E8FC681A-796C-43BC-858D-08AE03D23817}.Debug|Any CPU.Build.0 = Debug|Any CPU
		{E8FC681A-796C-43BC-858D-08AE03D23817}.Release|Any CPU.ActiveCfg = Release|Any CPU
		{E8FC681A-796C-43BC-858D-08AE03D23817}.Release|Any CPU.Build.0 = Release|Any CPU
	EndGlobalSection
	GlobalSection(NestedProjects) = preSolution
		{C0594645-4DDC-4B31-9709-068E07CF65FE} = {996174DB-2096-4B8F-849D-AF28868C3055}
		{C08AA3EA-2296-4876-81D7-6D22E49FCC4E} = {996174DB-2096-4B8F-849D-AF28868C3055}
		{E8FC681A-796C-43BC-858D-08AE03D23817} = {B22199B9-BA11-4C05-B0A5-7E22F68700DF}
	EndGlobalSection
EndGlobal
